// !$*UTF8*$!
{
	archiveVersion = 1;
	classes = {
	};
	objectVersion = 50;
	objects = {

/* Begin PBXBuildFile section */
		21CB1CBF258B4EC200007048 /* AppDelegate.swift in Sources */ = {isa = PBXBuildFile; fileRef = 21CB1CBE258B4EC200007048 /* AppDelegate.swift */; };
		21CB1CC1258B4EC200007048 /* SceneDelegate.swift in Sources */ = {isa = PBXBuildFile; fileRef = 21CB1CC0258B4EC200007048 /* SceneDelegate.swift */; };
		21CB1CC3258B4EC200007048 /* ViewController.swift in Sources */ = {isa = PBXBuildFile; fileRef = 21CB1CC2258B4EC200007048 /* ViewController.swift */; };
		21CB1CC6258B4EC200007048 /* Main.storyboard in Resources */ = {isa = PBXBuildFile; fileRef = 21CB1CC4258B4EC200007048 /* Main.storyboard */; };
		21CB1CC8258B4EC400007048 /* Assets.xcassets in Resources */ = {isa = PBXBuildFile; fileRef = 21CB1CC7258B4EC400007048 /* Assets.xcassets */; };
		21CB1CCB258B4EC400007048 /* LaunchScreen.storyboard in Resources */ = {isa = PBXBuildFile; fileRef = 21CB1CC9258B4EC400007048 /* LaunchScreen.storyboard */; };
		21CB1CD6258B4EC400007048 /* AssignmentProjectTests.swift in Sources */ = {isa = PBXBuildFile; fileRef = 21CB1CD5258B4EC400007048 /* AssignmentProjectTests.swift */; };
		21CB1CE1258B4EC400007048 /* AssignmentProjectUITests.swift in Sources */ = {isa = PBXBuildFile; fileRef = 21CB1CE0258B4EC400007048 /* AssignmentProjectUITests.swift */; };
/* End PBXBuildFile section */

/* Begin PBXContainerItemProxy section */
		21CB1CD2258B4EC400007048 /* PBXContainerItemProxy */ = {
			isa = PBXContainerItemProxy;
			containerPortal = 21CB1CB3258B4EC200007048 /* Project object */;
			proxyType = 1;
			remoteGlobalIDString = 21CB1CBA258B4EC200007048;
			remoteInfo = AssignmentProject;
		};
		21CB1CDD258B4EC400007048 /* PBXContainerItemProxy */ = {
			isa = PBXContainerItemProxy;
			containerPortal = 21CB1CB3258B4EC200007048 /* Project object */;
			proxyType = 1;
			remoteGlobalIDString = 21CB1CBA258B4EC200007048;
			remoteInfo = AssignmentProject;
		};
/* End PBXContainerItemProxy section */

/* Begin PBXFileReference section */
		21CB1CBB258B4EC200007048 /* AssignmentProject.app */ = {isa = PBXFileReference; explicitFileType = wrapper.application; includeInIndex = 0; path = AssignmentProject.app; sourceTree = BUILT_PRODUCTS_DIR; };
		21CB1CBE258B4EC200007048 /* AppDelegate.swift */ = {isa = PBXFileReference; lastKnownFileType = sourcecode.swift; path = AppDelegate.swift; sourceTree = "<group>"; };
		21CB1CC0258B4EC200007048 /* SceneDelegate.swift */ = {isa = PBXFileReference; lastKnownFileType = sourcecode.swift; path = SceneDelegate.swift; sourceTree = "<group>"; };
		21CB1CC2258B4EC200007048 /* ViewController.swift */ = {isa = PBXFileReference; lastKnownFileType = sourcecode.swift; path = ViewController.swift; sourceTree = "<group>"; };
		21CB1CC5258B4EC200007048 /* Base */ = {isa = PBXFileReference; lastKnownFileType = file.storyboard; name = Base; path = Base.lproj/Main.storyboard; sourceTree = "<group>"; };
		21CB1CC7258B4EC400007048 /* Assets.xcassets */ = {isa = PBXFileReference; lastKnownFileType = folder.assetcatalog; path = Assets.xcassets; sourceTree = "<group>"; };
		21CB1CCA258B4EC400007048 /* Base */ = {isa = PBXFileReference; lastKnownFileType = file.storyboard; name = Base; path = Base.lproj/LaunchScreen.storyboard; sourceTree = "<group>"; };
		21CB1CCC258B4EC400007048 /* Info.plist */ = {isa = PBXFileReference; lastKnownFileType = text.plist.xml; path = Info.plist; sourceTree = "<group>"; };
		21CB1CD1258B4EC400007048 /* AssignmentProjectTests.xctest */ = {isa = PBXFileReference; explicitFileType = wrapper.cfbundle; includeInIndex = 0; path = AssignmentProjectTests.xctest; sourceTree = BUILT_PRODUCTS_DIR; };
		21CB1CD5258B4EC400007048 /* AssignmentProjectTests.swift */ = {isa = PBXFileReference; lastKnownFileType = sourcecode.swift; path = AssignmentProjectTests.swift; sourceTree = "<group>"; };
		21CB1CD7258B4EC400007048 /* Info.plist */ = {isa = PBXFileReference; lastKnownFileType = text.plist.xml; path = Info.plist; sourceTree = "<group>"; };
		21CB1CDC258B4EC400007048 /* AssignmentProjectUITests.xctest */ = {isa = PBXFileReference; explicitFileType = wrapper.cfbundle; includeInIndex = 0; path = AssignmentProjectUITests.xctest; sourceTree = BUILT_PRODUCTS_DIR; };
		21CB1CE0258B4EC400007048 /* AssignmentProjectUITests.swift */ = {isa = PBXFileReference; lastKnownFileType = sourcecode.swift; path = AssignmentProjectUITests.swift; sourceTree = "<group>"; };
		21CB1CE2258B4EC400007048 /* Info.plist */ = {isa = PBXFileReference; lastKnownFileType = text.plist.xml; path = Info.plist; sourceTree = "<group>"; };
/* End PBXFileReference section */

/* Begin PBXFrameworksBuildPhase section */
		21CB1CB8258B4EC200007048 /* Frameworks */ = {
			isa = PBXFrameworksBuildPhase;
			buildActionMask = 2147483647;
			files = (
			);
			runOnlyForDeploymentPostprocessing = 0;
		};
		21CB1CCE258B4EC400007048 /* Frameworks */ = {
			isa = PBXFrameworksBuildPhase;
			buildActionMask = 2147483647;
			files = (
			);
			runOnlyForDeploymentPostprocessing = 0;
		};
		21CB1CD9258B4EC400007048 /* Frameworks */ = {
			isa = PBXFrameworksBuildPhase;
			buildActionMask = 2147483647;
			files = (
			);
			runOnlyForDeploymentPostprocessing = 0;
		};
/* End PBXFrameworksBuildPhase section */

/* Begin PBXGroup section */
		21CB1CB2258B4EC200007048 = {
			isa = PBXGroup;
			children = (
				21CB1CBD258B4EC200007048 /* AssignmentProject */,
				21CB1CD4258B4EC400007048 /* AssignmentProjectTests */,
				21CB1CDF258B4EC400007048 /* AssignmentProjectUITests */,
				21CB1CBC258B4EC200007048 /* Products */,
			);
			sourceTree = "<group>";
		};
		21CB1CBC258B4EC200007048 /* Products */ = {
			isa = PBXGroup;
			children = (
				21CB1CBB258B4EC200007048 /* AssignmentProject.app */,
				21CB1CD1258B4EC400007048 /* AssignmentProjectTests.xctest */,
				21CB1CDC258B4EC400007048 /* AssignmentProjectUITests.xctest */,
			);
			name = Products;
			sourceTree = "<group>";
		};
		21CB1CBD258B4EC200007048 /* AssignmentProject */ = {
			isa = PBXGroup;
			children = (
				21CB1CBE258B4EC200007048 /* AppDelegate.swift */,
				21CB1CC0258B4EC200007048 /* SceneDelegate.swift */,
				21CB1CC2258B4EC200007048 /* ViewController.swift */,
				21CB1CC4258B4EC200007048 /* Main.storyboard */,
				21CB1CC7258B4EC400007048 /* Assets.xcassets */,
				21CB1CC9258B4EC400007048 /* LaunchScreen.storyboard */,
				21CB1CCC258B4EC400007048 /* Info.plist */,
			);
			path = AssignmentProject;
			sourceTree = "<group>";
		};
		21CB1CD4258B4EC400007048 /* AssignmentProjectTests */ = {
			isa = PBXGroup;
			children = (
				21CB1CD5258B4EC400007048 /* AssignmentProjectTests.swift */,
				21CB1CD7258B4EC400007048 /* Info.plist */,
			);
			path = AssignmentProjectTests;
			sourceTree = "<group>";
		};
		21CB1CDF258B4EC400007048 /* AssignmentProjectUITests */ = {
			isa = PBXGroup;
			children = (
				21CB1CE0258B4EC400007048 /* AssignmentProjectUITests.swift */,
				21CB1CE2258B4EC400007048 /* Info.plist */,
			);
			path = AssignmentProjectUITests;
			sourceTree = "<group>";
		};
/* End PBXGroup section */

/* Begin PBXNativeTarget section */
		21CB1CBA258B4EC200007048 /* AssignmentProject */ = {
			isa = PBXNativeTarget;
			buildConfigurationList = 21CB1CE5258B4EC400007048 /* Build configuration list for PBXNativeTarget "AssignmentProject" */;
			buildPhases = (
				21CB1CB7258B4EC200007048 /* Sources */,
				21CB1CB8258B4EC200007048 /* Frameworks */,
				21CB1CB9258B4EC200007048 /* Resources */,
			);
			buildRules = (
			);
			dependencies = (
			);
			name = AssignmentProject;
			productName = AssignmentProject;
			productReference = 21CB1CBB258B4EC200007048 /* AssignmentProject.app */;
			productType = "com.apple.product-type.application";
		};
		21CB1CD0258B4EC400007048 /* AssignmentProjectTests */ = {
			isa = PBXNativeTarget;
			buildConfigurationList = 21CB1CE8258B4EC400007048 /* Build configuration list for PBXNativeTarget "AssignmentProjectTests" */;
			buildPhases = (
				21CB1CCD258B4EC400007048 /* Sources */,
				21CB1CCE258B4EC400007048 /* Frameworks */,
				21CB1CCF258B4EC400007048 /* Resources */,
			);
			buildRules = (
			);
			dependencies = (
				21CB1CD3258B4EC400007048 /* PBXTargetDependency */,
			);
			name = AssignmentProjectTests;
			productName = AssignmentProjectTests;
			productReference = 21CB1CD1258B4EC400007048 /* AssignmentProjectTests.xctest */;
			productType = "com.apple.product-type.bundle.unit-test";
		};
		21CB1CDB258B4EC400007048 /* AssignmentProjectUITests */ = {
			isa = PBXNativeTarget;
			buildConfigurationList = 21CB1CEB258B4EC400007048 /* Build configuration list for PBXNativeTarget "AssignmentProjectUITests" */;
			buildPhases = (
				21CB1CD8258B4EC400007048 /* Sources */,
				21CB1CD9258B4EC400007048 /* Frameworks */,
				21CB1CDA258B4EC400007048 /* Resources */,
			);
			buildRules = (
			);
			dependencies = (
				21CB1CDE258B4EC400007048 /* PBXTargetDependency */,
			);
			name = AssignmentProjectUITests;
			productName = AssignmentProjectUITests;
			productReference = 21CB1CDC258B4EC400007048 /* AssignmentProjectUITests.xctest */;
			productType = "com.apple.product-type.bundle.ui-testing";
		};
/* End PBXNativeTarget section */

/* Begin PBXProject section */
		21CB1CB3258B4EC200007048 /* Project object */ = {
			isa = PBXProject;
			attributes = {
				LastSwiftUpdateCheck = 1200;
				LastUpgradeCheck = 1200;
				TargetAttributes = {
					21CB1CBA258B4EC200007048 = {
						CreatedOnToolsVersion = 12.0;
					};
					21CB1CD0258B4EC400007048 = {
						CreatedOnToolsVersion = 12.0;
						TestTargetID = 21CB1CBA258B4EC200007048;
					};
					21CB1CDB258B4EC400007048 = {
						CreatedOnToolsVersion = 12.0;
						TestTargetID = 21CB1CBA258B4EC200007048;
					};
				};
			};
			buildConfigurationList = 21CB1CB6258B4EC200007048 /* Build configuration list for PBXProject "AssignmentProject" */;
			compatibilityVersion = "Xcode 9.3";
			developmentRegion = en;
			hasScannedForEncodings = 0;
			knownRegions = (
				en,
				Base,
			);
			mainGroup = 21CB1CB2258B4EC200007048;
			productRefGroup = 21CB1CBC258B4EC200007048 /* Products */;
			projectDirPath = "";
			projectRoot = "";
			targets = (
				21CB1CBA258B4EC200007048 /* AssignmentProject */,
				21CB1CD0258B4EC400007048 /* AssignmentProjectTests */,
				21CB1CDB258B4EC400007048 /* AssignmentProjectUITests */,
			);
		};
/* End PBXProject section */

/* Begin PBXResourcesBuildPhase section */
		21CB1CB9258B4EC200007048 /* Resources */ = {
			isa = PBXResourcesBuildPhase;
			buildActionMask = 2147483647;
			files = (
				21CB1CCB258B4EC400007048 /* LaunchScreen.storyboard in Resources */,
				21CB1CC8258B4EC400007048 /* Assets.xcassets in Resources */,
				21CB1CC6258B4EC200007048 /* Main.storyboard in Resources */,
			);
			runOnlyForDeploymentPostprocessing = 0;
		};
		21CB1CCF258B4EC400007048 /* Resources */ = {
			isa = PBXResourcesBuildPhase;
			buildActionMask = 2147483647;
			files = (
			);
			runOnlyForDeploymentPostprocessing = 0;
		};
		21CB1CDA258B4EC400007048 /* Resources */ = {
			isa = PBXResourcesBuildPhase;
			buildActionMask = 2147483647;
			files = (
			);
			runOnlyForDeploymentPostprocessing = 0;
		};
/* End PBXResourcesBuildPhase section */

/* Begin PBXSourcesBuildPhase section */
		21CB1CB7258B4EC200007048 /* Sources */ = {
			isa = PBXSourcesBuildPhase;
			buildActionMask = 2147483647;
			files = (
				21CB1CC3258B4EC200007048 /* ViewController.swift in Sources */,
				21CB1CBF258B4EC200007048 /* AppDelegate.swift in Sources */,
				21CB1CC1258B4EC200007048 /* SceneDelegate.swift in Sources */,
			);
			runOnlyForDeploymentPostprocessing = 0;
		};
		21CB1CCD258B4EC400007048 /* Sources */ = {
			isa = PBXSourcesBuildPhase;
			buildActionMask = 2147483647;
			files = (
				21CB1CD6258B4EC400007048 /* AssignmentProjectTests.swift in Sources */,
			);
			runOnlyForDeploymentPostprocessing = 0;
		};
		21CB1CD8258B4EC400007048 /* Sources */ = {
			isa = PBXSourcesBuildPhase;
			buildActionMask = 2147483647;
			files = (
				21CB1CE1258B4EC400007048 /* AssignmentProjectUITests.swift in Sources */,
			);
			runOnlyForDeploymentPostprocessing = 0;
		};
/* End PBXSourcesBuildPhase section */

/* Begin PBXTargetDependency section */
		21CB1CD3258B4EC400007048 /* PBXTargetDependency */ = {
			isa = PBXTargetDependency;
			target = 21CB1CBA258B4EC200007048 /* AssignmentProject */;
			targetProxy = 21CB1CD2258B4EC400007048 /* PBXContainerItemProxy */;
		};
		21CB1CDE258B4EC400007048 /* PBXTargetDependency */ = {
			isa = PBXTargetDependency;
			target = 21CB1CBA258B4EC200007048 /* AssignmentProject */;
			targetProxy = 21CB1CDD258B4EC400007048 /* PBXContainerItemProxy */;
		};
/* End PBXTargetDependency section */

/* Begin PBXVariantGroup section */
		21CB1CC4258B4EC200007048 /* Main.storyboard */ = {
			isa = PBXVariantGroup;
			children = (
				21CB1CC5258B4EC200007048 /* Base */,
			);
			name = Main.storyboard;
			sourceTree = "<group>";
		};
		21CB1CC9258B4EC400007048 /* LaunchScreen.storyboard */ = {
			isa = PBXVariantGroup;
			children = (
				21CB1CCA258B4EC400007048 /* Base */,
			);
			name = LaunchScreen.storyboard;
			sourceTree = "<group>";
		};
/* End PBXVariantGroup section */

/* Begin XCBuildConfiguration section */
		21CB1CE3258B4EC400007048 /* Debug */ = {
			isa = XCBuildConfiguration;
			buildSettings = {
				ALWAYS_SEARCH_USER_PATHS = NO;
				CLANG_ANALYZER_NONNULL = YES;
				CLANG_ANALYZER_NUMBER_OBJECT_CONVERSION = YES_AGGRESSIVE;
				CLANG_CXX_LANGUAGE_STANDARD = "gnu++14";
				CLANG_CXX_LIBRARY = "libc++";
				CLANG_ENABLE_MODULES = YES;
				CLANG_ENABLE_OBJC_ARC = YES;
				CLANG_ENABLE_OBJC_WEAK = YES;
				CLANG_WARN_BLOCK_CAPTURE_AUTORELEASING = YES;
				CLANG_WARN_BOOL_CONVERSION = YES;
				CLANG_WARN_COMMA = YES;
				CLANG_WARN_CONSTANT_CONVERSION = YES;
				CLANG_WARN_DEPRECATED_OBJC_IMPLEMENTATIONS = YES;
				CLANG_WARN_DIRECT_OBJC_ISA_USAGE = YES_ERROR;
				CLANG_WARN_DOCUMENTATION_COMMENTS = YES;
				CLANG_WARN_EMPTY_BODY = YES;
				CLANG_WARN_ENUM_CONVERSION = YES;
				CLANG_WARN_INFINITE_RECURSION = YES;
				CLANG_WARN_INT_CONVERSION = YES;
				CLANG_WARN_NON_LITERAL_NULL_CONVERSION = YES;
				CLANG_WARN_OBJC_IMPLICIT_RETAIN_SELF = YES;
				CLANG_WARN_OBJC_LITERAL_CONVERSION = YES;
				CLANG_WARN_OBJC_ROOT_CLASS = YES_ERROR;
				CLANG_WARN_QUOTED_INCLUDE_IN_FRAMEWORK_HEADER = YES;
				CLANG_WARN_RANGE_LOOP_ANALYSIS = YES;
				CLANG_WARN_STRICT_PROTOTYPES = YES;
				CLANG_WARN_SUSPICIOUS_MOVE = YES;
				CLANG_WARN_UNGUARDED_AVAILABILITY = YES_AGGRESSIVE;
				CLANG_WARN_UNREACHABLE_CODE = YES;
				CLANG_WARN__DUPLICATE_METHOD_MATCH = YES;
				COPY_PHASE_STRIP = NO;
				DEBUG_INFORMATION_FORMAT = dwarf;
				ENABLE_STRICT_OBJC_MSGSEND = YES;
				ENABLE_TESTABILITY = YES;
				GCC_C_LANGUAGE_STANDARD = gnu11;
				GCC_DYNAMIC_NO_PIC = NO;
				GCC_NO_COMMON_BLOCKS = YES;
				GCC_OPTIMIZATION_LEVEL = 0;
				GCC_PREPROCESSOR_DEFINITIONS = (
					"DEBUG=1",
					"$(inherited)",
				);
				GCC_WARN_64_TO_32_BIT_CONVERSION = YES;
				GCC_WARN_ABOUT_RETURN_TYPE = YES_ERROR;
				GCC_WARN_UNDECLARED_SELECTOR = YES;
				GCC_WARN_UNINITIALIZED_AUTOS = YES_AGGRESSIVE;
				GCC_WARN_UNUSED_FUNCTION = YES;
				GCC_WARN_UNUSED_VARIABLE = YES;
				IPHONEOS_DEPLOYMENT_TARGET = 14.0;
				MTL_ENABLE_DEBUG_INFO = INCLUDE_SOURCE;
				MTL_FAST_MATH = YES;
				ONLY_ACTIVE_ARCH = YES;
				SDKROOT = iphoneos;
				SWIFT_ACTIVE_COMPILATION_CONDITIONS = DEBUG;
				SWIFT_OPTIMIZATION_LEVEL = "-Onone";
			};
			name = Debug;
		};
		21CB1CE4258B4EC400007048 /* Release */ = {
			isa = XCBuildConfiguration;
			buildSettings = {
				ALWAYS_SEARCH_USER_PATHS = NO;
				CLANG_ANALYZER_NONNULL = YES;
				CLANG_ANALYZER_NUMBER_OBJECT_CONVERSION = YES_AGGRESSIVE;
				CLANG_CXX_LANGUAGE_STANDARD = "gnu++14";
				CLANG_CXX_LIBRARY = "libc++";
				CLANG_ENABLE_MODULES = YES;
				CLANG_ENABLE_OBJC_ARC = YES;
				CLANG_ENABLE_OBJC_WEAK = YES;
				CLANG_WARN_BLOCK_CAPTURE_AUTORELEASING = YES;
				CLANG_WARN_BOOL_CONVERSION = YES;
				CLANG_WARN_COMMA = YES;
				CLANG_WARN_CONSTANT_CONVERSION = YES;
				CLANG_WARN_DEPRECATED_OBJC_IMPLEMENTATIONS = YES;
				CLANG_WARN_DIRECT_OBJC_ISA_USAGE = YES_ERROR;
				CLANG_WARN_DOCUMENTATION_COMMENTS = YES;
				CLANG_WARN_EMPTY_BODY = YES;
				CLANG_WARN_ENUM_CONVERSION = YES;
				CLANG_WARN_INFINITE_RECURSION = YES;
				CLANG_WARN_INT_CONVERSION = YES;
				CLANG_WARN_NON_LITERAL_NULL_CONVERSION = YES;
				CLANG_WARN_OBJC_IMPLICIT_RETAIN_SELF = YES;
				CLANG_WARN_OBJC_LITERAL_CONVERSION = YES;
				CLANG_WARN_OBJC_ROOT_CLASS = YES_ERROR;
				CLANG_WARN_QUOTED_INCLUDE_IN_FRAMEWORK_HEADER = YES;
				CLANG_WARN_RANGE_LOOP_ANALYSIS = YES;
				CLANG_WARN_STRICT_PROTOTYPES = YES;
				CLANG_WARN_SUSPICIOUS_MOVE = YES;
				CLANG_WARN_UNGUARDED_AVAILABILITY = YES_AGGRESSIVE;
				CLANG_WARN_UNREACHABLE_CODE = YES;
				CLANG_WARN__DUPLICATE_METHOD_MATCH = YES;
				COPY_PHASE_STRIP = NO;
				DEBUG_INFORMATION_FORMAT = "dwarf-with-dsym";
				ENABLE_NS_ASSERTIONS = NO;
				ENABLE_STRICT_OBJC_MSGSEND = YES;
				GCC_C_LANGUAGE_STANDARD = gnu11;
				GCC_NO_COMMON_BLOCKS = YES;
				GCC_WARN_64_TO_32_BIT_CONVERSION = YES;
				GCC_WARN_ABOUT_RETURN_TYPE = YES_ERROR;
				GCC_WARN_UNDECLARED_SELECTOR = YES;
				GCC_WARN_UNINITIALIZED_AUTOS = YES_AGGRESSIVE;
				GCC_WARN_UNUSED_FUNCTION = YES;
				GCC_WARN_UNUSED_VARIABLE = YES;
				IPHONEOS_DEPLOYMENT_TARGET = 14.0;
				MTL_ENABLE_DEBUG_INFO = NO;
				MTL_FAST_MATH = YES;
				SDKROOT = iphoneos;
				SWIFT_COMPILATION_MODE = wholemodule;
				SWIFT_OPTIMIZATION_LEVEL = "-O";
				VALIDATE_PRODUCT = YES;
			};
			name = Release;
		};
		21CB1CE6258B4EC400007048 /* Debug */ = {
			isa = XCBuildConfiguration;
			buildSettings = {
				ASSETCATALOG_COMPILER_APPICON_NAME = AppIcon;
				ASSETCATALOG_COMPILER_GLOBAL_ACCENT_COLOR_NAME = AccentColor;
				CODE_SIGN_STYLE = Automatic;
				INFOPLIST_FILE = AssignmentProject/Info.plist;
				LD_RUNPATH_SEARCH_PATHS = (
					"$(inherited)",
					"@executable_path/Frameworks",
				);
				PRODUCT_BUNDLE_IDENTIFIER = test.AssignmentProject;
				PRODUCT_NAME = "$(TARGET_NAME)";
				SWIFT_VERSION = 5.0;
				TARGETED_DEVICE_FAMILY = "1,2";
			};
			name = Debug;
		};
		21CB1CE7258B4EC400007048 /* Release */ = {
			isa = XCBuildConfiguration;
			buildSettings = {
				ASSETCATALOG_COMPILER_APPICON_NAME = AppIcon;
				ASSETCATALOG_COMPILER_GLOBAL_ACCENT_COLOR_NAME = AccentColor;
				CODE_SIGN_STYLE = Automatic;
				INFOPLIST_FILE = AssignmentProject/Info.plist;
				LD_RUNPATH_SEARCH_PATHS = (
					"$(inherited)",
					"@executable_path/Frameworks",
				);
				PRODUCT_BUNDLE_IDENTIFIER = test.AssignmentProject;
				PRODUCT_NAME = "$(TARGET_NAME)";
				SWIFT_VERSION = 5.0;
				TARGETED_DEVICE_FAMILY = "1,2";
			};
			name = Release;
		};
		21CB1CE9258B4EC400007048 /* Debug */ = {
			isa = XCBuildConfiguration;
			buildSettings = {
				ALWAYS_EMBED_SWIFT_STANDARD_LIBRARIES = YES;
				BUNDLE_LOADER = "$(TEST_HOST)";
				CODE_SIGN_STYLE = Automatic;
				INFOPLIST_FILE = AssignmentProjectTests/Info.plist;
				IPHONEOS_DEPLOYMENT_TARGET = 14.0;
				LD_RUNPATH_SEARCH_PATHS = (
					"$(inherited)",
					"@executable_path/Frameworks",
					"@loader_path/Frameworks",
				);
				PRODUCT_BUNDLE_IDENTIFIER = test.AssignmentProjectTests;
				PRODUCT_NAME = "$(TARGET_NAME)";
				SWIFT_VERSION = 5.0;
				TARGETED_DEVICE_FAMILY = "1,2";
				TEST_HOST = "$(BUILT_PRODUCTS_DIR)/AssignmentProject.app/AssignmentProject";
			};
			name = Debug;
		};
		21CB1CEA258B4EC400007048 /* Release */ = {
			isa = XCBuildConfiguration;
			buildSettings = {
				ALWAYS_EMBED_SWIFT_STANDARD_LIBRARIES = YES;
				BUNDLE_LOADER = "$(TEST_HOST)";
				CODE_SIGN_STYLE = Automatic;
				INFOPLIST_FILE = AssignmentProjectTests/Info.plist;
				IPHONEOS_DEPLOYMENT_TARGET = 14.0;
				LD_RUNPATH_SEARCH_PATHS = (
					"$(inherited)",
					"@executable_path/Frameworks",
					"@loader_path/Frameworks",
				);
				PRODUCT_BUNDLE_IDENTIFIER = test.AssignmentProjectTests;
				PRODUCT_NAME = "$(TARGET_NAME)";
				SWIFT_VERSION = 5.0;
				TARGETED_DEVICE_FAMILY = "1,2";
				TEST_HOST = "$(BUILT_PRODUCTS_DIR)/AssignmentProject.app/AssignmentProject";
			};
			name = Release;
		};
		21CB1CEC258B4EC400007048 /* Debug */ = {
			isa = XCBuildConfiguration;
			buildSettings = {
				ALWAYS_EMBED_SWIFT_STANDARD_LIBRARIES = YES;
				CODE_SIGN_STYLE = Automatic;
				INFOPLIST_FILE = AssignmentProjectUITests/Info.plist;
				LD_RUNPATH_SEARCH_PATHS = (
					"$(inherited)",
					"@executable_path/Frameworks",
					"@loader_path/Frameworks",
				);
				PRODUCT_BUNDLE_IDENTIFIER = test.AssignmentProjectUITests;
				PRODUCT_NAME = "$(TARGET_NAME)";
				SWIFT_VERSION = 5.0;
				TARGETED_DEVICE_FAMILY = "1,2";
				TEST_TARGET_NAME = AssignmentProject;
			};
			name = Debug;
		};
		21CB1CED258B4EC400007048 /* Release */ = {
			isa = XCBuildConfiguration;
			buildSettings = {
				ALWAYS_EMBED_SWIFT_STANDARD_LIBRARIES = YES;
				CODE_SIGN_STYLE = Automatic;
				INFOPLIST_FILE = AssignmentProjectUITests/Info.plist;
				LD_RUNPATH_SEARCH_PATHS = (
					"$(inherited)",
					"@executable_path/Frameworks",
					"@loader_path/Frameworks",
				);
				PRODUCT_BUNDLE_IDENTIFIER = test.AssignmentProjectUITests;
				PRODUCT_NAME = "$(TARGET_NAME)";
				SWIFT_VERSION = 5.0;
				TARGETED_DEVICE_FAMILY = "1,2";
				TEST_TARGET_NAME = AssignmentProject;
			};
			name = Release;
		};
/* End XCBuildConfiguration section */

/* Begin XCConfigurationList section */
		21CB1CB6258B4EC200007048 /* Build configuration list for PBXProject "AssignmentProject" */ = {
			isa = XCConfigurationList;
			buildConfigurations = (
				21CB1CE3258B4EC400007048 /* Debug */,
				21CB1CE4258B4EC400007048 /* Release */,
			);
			defaultConfigurationIsVisible = 0;
			defaultConfigurationName = Release;
		};
		21CB1CE5258B4EC400007048 /* Build configuration list for PBXNativeTarget "AssignmentProject" */ = {
			isa = XCConfigurationList;
			buildConfigurations = (
				21CB1CE6258B4EC400007048 /* Debug */,
				21CB1CE7258B4EC400007048 /* Release */,
			);
			defaultConfigurationIsVisible = 0;
			defaultConfigurationName = Release;
		};
		21CB1CE8258B4EC400007048 /* Build configuration list for PBXNativeTarget "AssignmentProjectTests" */ = {
			isa = XCConfigurationList;
			buildConfigurations = (
				21CB1CE9258B4EC400007048 /* Debug */,
				21CB1CEA258B4EC400007048 /* Release */,
			);
			defaultConfigurationIsVisible = 0;
			defaultConfigurationName = Release;
		};
		21CB1CEB258B4EC400007048 /* Build configuration list for PBXNativeTarget "AssignmentProjectUITests" */ = {
			isa = XCConfigurationList;
			buildConfigurations = (
				21CB1CEC258B4EC400007048 /* Debug */,
				21CB1CED258B4EC400007048 /* Release */,
			);
			defaultConfigurationIsVisible = 0;
			defaultConfigurationName = Release;
		};
/* End XCConfigurationList section */
	};
	rootObject = 21CB1CB3258B4EC200007048 /* Project object */;
}
